
Microsoft Visual Studio Solution File, Format Version 12.00
# Visual Studio Version 16
VisualStudioVersion = 16.0.29503.13
MinimumVisualStudioVersion = 10.0.40219.1
Project("{FAE04EC0-301F-11D3-BF4B-00C04F79EFBC}") = "Labsheet7Expenses", "Labsheet7Expenses\Labsheet7Expenses.csproj", "{5B91E06D-0553-4DEB-BAE9-3146B0A5C3BC}"
EndProject
Project("{FAE04EC0-301F-11D3-BF4B-00C04F79EFBC}") = "ClubMembersList", "ClubMembersList\ClubMembersList.csproj", "{519ADC0B-DA8F-4419-96A4-157343C0EA90}"
EndProject
Global
	GlobalSection(SolutionConfigurationPlatforms) = preSolution
		Debug|Any CPU = Debug|Any CPU
		Release|Any CPU = Release|Any CPU
	EndGlobalSection
	GlobalSection(ProjectConfigurationPlatforms) = postSolution
		{5B91E06D-0553-4DEB-BAE9-3146B0A5C3BC}.Debug|Any CPU.ActiveCfg = Debug|Any CPU
		{5B91E06D-0553-4DEB-BAE9-3146B0A5C3BC}.Debug|Any CPU.Build.0 = Debug|Any CPU
		{5B91E06D-0553-4DEB-BAE9-3146B0A5C3BC}.Release|Any CPU.ActiveCfg = Release|Any CPU
		{5B91E06D-0553-4DEB-BAE9-3146B0A5C3BC}.Release|Any CPU.Build.0 = Release|Any CPU
		{519ADC0B-DA8F-4419-96A4-157343C0EA90}.Debug|Any CPU.ActiveCfg = Debug|Any CPU
		{519ADC0B-DA8F-4419-96A4-157343C0EA90}.Debug|Any CPU.Build.0 = Debug|Any CPU
		{519ADC0B-DA8F-4419-96A4-157343C0EA90}.Release|Any CPU.ActiveCfg = Release|Any CPU
		{519ADC0B-DA8F-4419-96A4-157343C0EA90}.Release|Any CPU.Build.0 = Release|Any CPU
	EndGlobalSection
	GlobalSection(SolutionProperties) = preSolution
		HideSolutionNode = FALSE
	EndGlobalSection
	GlobalSection(ExtensibilityGlobals) = postSolution
		SolutionGuid = {78FEBCCA-0753-4B29-9D97-9807181B7F65}
	EndGlobalSection
EndGlobal
